
Microsoft Visual Studio Solution File, Format Version 12.00
# Visual Studio Version 16
VisualStudioVersion = 16.0.29926.136
MinimumVisualStudioVersion = 10.0.40219.1
Project("{FAE04EC0-301F-11D3-BF4B-00C04F79EFBC}") = "TaxCalculator", "TaxCalculator\TaxCalculator.csproj", "{497BD351-8107-4C79-ABBB-B209806BBA27}"
EndProject
Project("{FAE04EC0-301F-11D3-BF4B-00C04F79EFBC}") = "Domain", "Domain\Domain.csproj", "{7B277C0D-A147-4774-B2A9-68A8FE0E7509}"
EndProject
Project("{FAE04EC0-301F-11D3-BF4B-00C04F79EFBC}") = "Contract", "Contract\Contract.csproj", "{3909EA06-4DE0-40C9-8E67-B170D7278887}"
EndProject
Project("{FAE04EC0-301F-11D3-BF4B-00C04F79EFBC}") = "Repository", "Repository\Repository.csproj", "{64672939-BFEC-4FEC-A481-E05B12214A43}"
EndProject
Project("{FAE04EC0-301F-11D3-BF4B-00C04F79EFBC}") = "UnitTests", "UnitTests\UnitTests.csproj", "{C3B846B5-18B3-4936-8AD0-6C11191E0831}"
EndProject
Global
	GlobalSection(SolutionConfigurationPlatforms) = preSolution
		Debug|Any CPU = Debug|Any CPU
		Release|Any CPU = Release|Any CPU
	EndGlobalSection
	GlobalSection(ProjectConfigurationPlatforms) = postSolution
		{497BD351-8107-4C79-ABBB-B209806BBA27}.Debug|Any CPU.ActiveCfg = Debug|Any CPU
		{497BD351-8107-4C79-ABBB-B209806BBA27}.Debug|Any CPU.Build.0 = Debug|Any CPU
		{497BD351-8107-4C79-ABBB-B209806BBA27}.Release|Any CPU.ActiveCfg = Release|Any CPU
		{497BD351-8107-4C79-ABBB-B209806BBA27}.Release|Any CPU.Build.0 = Release|Any CPU
		{7B277C0D-A147-4774-B2A9-68A8FE0E7509}.Debug|Any CPU.ActiveCfg = Debug|Any CPU
		{7B277C0D-A147-4774-B2A9-68A8FE0E7509}.Debug|Any CPU.Build.0 = Debug|Any CPU
		{7B277C0D-A147-4774-B2A9-68A8FE0E7509}.Release|Any CPU.ActiveCfg = Release|Any CPU
		{7B277C0D-A147-4774-B2A9-68A8FE0E7509}.Release|Any CPU.Build.0 = Release|Any CPU
		{3909EA06-4DE0-40C9-8E67-B170D7278887}.Debug|Any CPU.ActiveCfg = Debug|Any CPU
		{3909EA06-4DE0-40C9-8E67-B170D7278887}.Debug|Any CPU.Build.0 = Debug|Any CPU
		{3909EA06-4DE0-40C9-8E67-B170D7278887}.Release|Any CPU.ActiveCfg = Release|Any CPU
		{3909EA06-4DE0-40C9-8E67-B170D7278887}.Release|Any CPU.Build.0 = Release|Any CPU
		{64672939-BFEC-4FEC-A481-E05B12214A43}.Debug|Any CPU.ActiveCfg = Debug|Any CPU
		{64672939-BFEC-4FEC-A481-E05B12214A43}.Debug|Any CPU.Build.0 = Debug|Any CPU
		{64672939-BFEC-4FEC-A481-E05B12214A43}.Release|Any CPU.ActiveCfg = Release|Any CPU
		{64672939-BFEC-4FEC-A481-E05B12214A43}.Release|Any CPU.Build.0 = Release|Any CPU
		{C3B846B5-18B3-4936-8AD0-6C11191E0831}.Debug|Any CPU.ActiveCfg = Debug|Any CPU
		{C3B846B5-18B3-4936-8AD0-6C11191E0831}.Debug|Any CPU.Build.0 = Debug|Any CPU
		{C3B846B5-18B3-4936-8AD0-6C11191E0831}.Release|Any CPU.ActiveCfg = Release|Any CPU
		{C3B846B5-18B3-4936-8AD0-6C11191E0831}.Release|Any CPU.Build.0 = Release|Any CPU
	EndGlobalSection
	GlobalSection(SolutionProperties) = preSolution
		HideSolutionNode = FALSE
	EndGlobalSection
	GlobalSection(ExtensibilityGlobals) = postSolution
		SolutionGuid = {C910AD5C-B398-415D-825B-FF187A514E81}
	EndGlobalSection
EndGlobal
